
Microsoft Visual Studio Solution File, Format Version 12.00
# Visual Studio Version 17
VisualStudioVersion = 17.9.34728.123
MinimumVisualStudioVersion = 10.0.40219.1
Project("{9A19103F-16F7-4668-BE54-9A1E7A4F7556}") = "Catalog.API", "Catalog.API\Catalog.API.csproj", "{55E04C39-5820-46A2-AE00-A14CCDF7ACAB}"
EndProject
Project("{E53339B2-1760-4266-BCC7-CA923CBCF16C}") = "docker-compose", "docker-compose.dcproj", "{CF748E59-81FE-4C0C-9A86-9CFFD9736A6A}"
EndProject
Project("{9A19103F-16F7-4668-BE54-9A1E7A4F7556}") = "Basket.API", "Basket\Basket.API.csproj", "{565A0A5E-11C1-4C37-B5DD-770B277585A2}"
EndProject
Project("{9A19103F-16F7-4668-BE54-9A1E7A4F7556}") = "Discount.API", "Discount.API\Discount.API.csproj", "{631478EA-40A3-46BC-ACBA-F33118D2AA1C}"
EndProject
Project("{FAE04EC0-301F-11D3-BF4B-00C04F79EFBC}") = "Discount.Grpc", "Discount.Grpc\Discount.Grpc.csproj", "{ED14F30B-5EAF-4259-9148-D35FCD17954B}"
EndProject
Global
	GlobalSection(SolutionConfigurationPlatforms) = preSolution
		Debug|Any CPU = Debug|Any CPU
		Release|Any CPU = Release|Any CPU
	EndGlobalSection
	GlobalSection(ProjectConfigurationPlatforms) = postSolution
		{55E04C39-5820-46A2-AE00-A14CCDF7ACAB}.Debug|Any CPU.ActiveCfg = Debug|Any CPU
		{55E04C39-5820-46A2-AE00-A14CCDF7ACAB}.Debug|Any CPU.Build.0 = Debug|Any CPU
		{55E04C39-5820-46A2-AE00-A14CCDF7ACAB}.Release|Any CPU.ActiveCfg = Release|Any CPU
		{55E04C39-5820-46A2-AE00-A14CCDF7ACAB}.Release|Any CPU.Build.0 = Release|Any CPU
		{CF748E59-81FE-4C0C-9A86-9CFFD9736A6A}.Debug|Any CPU.ActiveCfg = Debug|Any CPU
		{CF748E59-81FE-4C0C-9A86-9CFFD9736A6A}.Debug|Any CPU.Build.0 = Debug|Any CPU
		{CF748E59-81FE-4C0C-9A86-9CFFD9736A6A}.Release|Any CPU.ActiveCfg = Release|Any CPU
		{CF748E59-81FE-4C0C-9A86-9CFFD9736A6A}.Release|Any CPU.Build.0 = Release|Any CPU
		{565A0A5E-11C1-4C37-B5DD-770B277585A2}.Debug|Any CPU.ActiveCfg = Debug|Any CPU
		{565A0A5E-11C1-4C37-B5DD-770B277585A2}.Debug|Any CPU.Build.0 = Debug|Any CPU
		{565A0A5E-11C1-4C37-B5DD-770B277585A2}.Release|Any CPU.ActiveCfg = Release|Any CPU
		{565A0A5E-11C1-4C37-B5DD-770B277585A2}.Release|Any CPU.Build.0 = Release|Any CPU
		{631478EA-40A3-46BC-ACBA-F33118D2AA1C}.Debug|Any CPU.ActiveCfg = Debug|Any CPU
		{631478EA-40A3-46BC-ACBA-F33118D2AA1C}.Debug|Any CPU.Build.0 = Debug|Any CPU
		{631478EA-40A3-46BC-ACBA-F33118D2AA1C}.Release|Any CPU.ActiveCfg = Release|Any CPU
		{631478EA-40A3-46BC-ACBA-F33118D2AA1C}.Release|Any CPU.Build.0 = Release|Any CPU
		{ED14F30B-5EAF-4259-9148-D35FCD17954B}.Debug|Any CPU.ActiveCfg = Debug|Any CPU
		{ED14F30B-5EAF-4259-9148-D35FCD17954B}.Debug|Any CPU.Build.0 = Debug|Any CPU
		{ED14F30B-5EAF-4259-9148-D35FCD17954B}.Release|Any CPU.ActiveCfg = Release|Any CPU
		{ED14F30B-5EAF-4259-9148-D35FCD17954B}.Release|Any CPU.Build.0 = Release|Any CPU
	EndGlobalSection
	GlobalSection(SolutionProperties) = preSolution
		HideSolutionNode = FALSE
	EndGlobalSection
	GlobalSection(ExtensibilityGlobals) = postSolution
		SolutionGuid = {8340EB85-696F-4264-8D62-394D3B5E2E55}
	EndGlobalSection
EndGlobal
